
Microsoft Visual Studio Solution File, Format Version 12.00
# Visual Studio Version 17
VisualStudioVersion = 17.11.35303.130
MinimumVisualStudioVersion = 10.0.40219.1
Project("{FAE04EC0-301F-11D3-BF4B-00C04F79EFBC}") = "Calculator", "Calculator.csproj", "{F93DF6EB-1EFD-448A-8425-5D0BE7F6D2BB}"
EndProject
Global
	GlobalSection(SolutionConfigurationPlatforms) = preSolution
		Debug|Any CPU = Debug|Any CPU
		Release|Any CPU = Release|Any CPU
	EndGlobalSection
	GlobalSection(ProjectConfigurationPlatforms) = postSolution
		{F93DF6EB-1EFD-448A-8425-5D0BE7F6D2BB}.Debug|Any CPU.ActiveCfg = Debug|Any CPU
		{F93DF6EB-1EFD-448A-8425-5D0BE7F6D2BB}.Debug|Any CPU.Build.0 = Debug|Any CPU
		{F93DF6EB-1EFD-448A-8425-5D0BE7F6D2BB}.Release|Any CPU.ActiveCfg = Release|Any CPU
		{F93DF6EB-1EFD-448A-8425-5D0BE7F6D2BB}.Release|Any CPU.Build.0 = Release|Any CPU
	EndGlobalSection
	GlobalSection(SolutionProperties) = preSolution
		HideSolutionNode = FALSE
	EndGlobalSection
	GlobalSection(ExtensibilityGlobals) = postSolution
		SolutionGuid = {A3B21C7D-ACD0-4971-BF0F-5C88AE34331F}
	EndGlobalSection
EndGlobal
